
Microsoft Visual Studio Solution File, Format Version 12.00
Project("{2150E333-8FDC-42A3-9474-1A3956D46DE8}") = "src", "src", "{F856C617-1659-4B02-AA33-6F36DAD92551}"
EndProject
Project("{2150E333-8FDC-42A3-9474-1A3956D46DE8}") = "tests", "tests", "{28EAD853-28AA-4919-B90F-9E21E88F3AE0}"
EndProject
Project("{FAE04EC0-301F-11D3-BF4B-00C04F79EFBC}") = "MRA.Pages.Domain", "src\MRA.Pages.Domain\MRA.Pages.Domain.csproj", "{8752B573-CDB0-4B18-8888-8FE8EEDB17E3}"
EndProject
Project("{FAE04EC0-301F-11D3-BF4B-00C04F79EFBC}") = "MRA.Pages.Application.Contract", "src\MRA.Pages.Application.Contract\MRA.Pages.Application.Contract.csproj", "{552AABEC-4DFC-4D03-B49E-CE70FF23EC93}"
EndProject
Project("{FAE04EC0-301F-11D3-BF4B-00C04F79EFBC}") = "MRA.Pages.Application", "src\MRA.Pages.Application\MRA.Pages.Application.csproj", "{EE17DCB8-8382-479B-96BA-E5793F82E080}"
EndProject
Project("{FAE04EC0-301F-11D3-BF4B-00C04F79EFBC}") = "MRA.Pages.Infrastructure", "src\MRA.Pages.Infrastructure\MRA.Pages.Infrastructure.csproj", "{BC34B75B-F72E-4E20-AFC5-64D6A2FC58B9}"
EndProject
Project("{FAE04EC0-301F-11D3-BF4B-00C04F79EFBC}") = "MRA.Pages.Api", "src\MRA.Pages.Api\MRA.Pages.Api.csproj", "{ECC6EE98-C224-4344-90D7-18CF868029C0}"
EndProject
Project("{FAE04EC0-301F-11D3-BF4B-00C04F79EFBC}") = "Application.IntegrationTests", "tests\Application.IntegrationTests\Application.IntegrationTests.csproj", "{DF8C799B-5225-4B8E-81D4-1C126B4B6E53}"
EndProject
Global
	GlobalSection(SolutionConfigurationPlatforms) = preSolution
		Debug|Any CPU = Debug|Any CPU
		Release|Any CPU = Release|Any CPU
	EndGlobalSection
	GlobalSection(ProjectConfigurationPlatforms) = postSolution
		{8752B573-CDB0-4B18-8888-8FE8EEDB17E3}.Debug|Any CPU.ActiveCfg = Debug|Any CPU
		{8752B573-CDB0-4B18-8888-8FE8EEDB17E3}.Debug|Any CPU.Build.0 = Debug|Any CPU
		{8752B573-CDB0-4B18-8888-8FE8EEDB17E3}.Release|Any CPU.ActiveCfg = Release|Any CPU
		{8752B573-CDB0-4B18-8888-8FE8EEDB17E3}.Release|Any CPU.Build.0 = Release|Any CPU
		{552AABEC-4DFC-4D03-B49E-CE70FF23EC93}.Debug|Any CPU.ActiveCfg = Debug|Any CPU
		{552AABEC-4DFC-4D03-B49E-CE70FF23EC93}.Debug|Any CPU.Build.0 = Debug|Any CPU
		{552AABEC-4DFC-4D03-B49E-CE70FF23EC93}.Release|Any CPU.ActiveCfg = Release|Any CPU
		{552AABEC-4DFC-4D03-B49E-CE70FF23EC93}.Release|Any CPU.Build.0 = Release|Any CPU
		{EE17DCB8-8382-479B-96BA-E5793F82E080}.Debug|Any CPU.ActiveCfg = Debug|Any CPU
		{EE17DCB8-8382-479B-96BA-E5793F82E080}.Debug|Any CPU.Build.0 = Debug|Any CPU
		{EE17DCB8-8382-479B-96BA-E5793F82E080}.Release|Any CPU.ActiveCfg = Release|Any CPU
		{EE17DCB8-8382-479B-96BA-E5793F82E080}.Release|Any CPU.Build.0 = Release|Any CPU
		{BC34B75B-F72E-4E20-AFC5-64D6A2FC58B9}.Debug|Any CPU.ActiveCfg = Debug|Any CPU
		{BC34B75B-F72E-4E20-AFC5-64D6A2FC58B9}.Debug|Any CPU.Build.0 = Debug|Any CPU
		{BC34B75B-F72E-4E20-AFC5-64D6A2FC58B9}.Release|Any CPU.ActiveCfg = Release|Any CPU
		{BC34B75B-F72E-4E20-AFC5-64D6A2FC58B9}.Release|Any CPU.Build.0 = Release|Any CPU
		{ECC6EE98-C224-4344-90D7-18CF868029C0}.Debug|Any CPU.ActiveCfg = Debug|Any CPU
		{ECC6EE98-C224-4344-90D7-18CF868029C0}.Debug|Any CPU.Build.0 = Debug|Any CPU
		{ECC6EE98-C224-4344-90D7-18CF868029C0}.Release|Any CPU.ActiveCfg = Release|Any CPU
		{ECC6EE98-C224-4344-90D7-18CF868029C0}.Release|Any CPU.Build.0 = Release|Any CPU
		{DF8C799B-5225-4B8E-81D4-1C126B4B6E53}.Debug|Any CPU.ActiveCfg = Debug|Any CPU
		{DF8C799B-5225-4B8E-81D4-1C126B4B6E53}.Debug|Any CPU.Build.0 = Debug|Any CPU
		{DF8C799B-5225-4B8E-81D4-1C126B4B6E53}.Release|Any CPU.ActiveCfg = Release|Any CPU
		{DF8C799B-5225-4B8E-81D4-1C126B4B6E53}.Release|Any CPU.Build.0 = Release|Any CPU
	EndGlobalSection
	GlobalSection(NestedProjects) = preSolution
		{8752B573-CDB0-4B18-8888-8FE8EEDB17E3} = {F856C617-1659-4B02-AA33-6F36DAD92551}
		{552AABEC-4DFC-4D03-B49E-CE70FF23EC93} = {F856C617-1659-4B02-AA33-6F36DAD92551}
		{EE17DCB8-8382-479B-96BA-E5793F82E080} = {F856C617-1659-4B02-AA33-6F36DAD92551}
		{BC34B75B-F72E-4E20-AFC5-64D6A2FC58B9} = {F856C617-1659-4B02-AA33-6F36DAD92551}
		{ECC6EE98-C224-4344-90D7-18CF868029C0} = {F856C617-1659-4B02-AA33-6F36DAD92551}
		{DF8C799B-5225-4B8E-81D4-1C126B4B6E53} = {28EAD853-28AA-4919-B90F-9E21E88F3AE0}
	EndGlobalSection
EndGlobal
